// !$*UTF8*$!
{
	archiveVersion = 1;
	classes = {
	};
	objectVersion = 46;
	objects = {

/* Begin PBXBuildFile section */
		3CAB55D515A2F15A00823AD9 /* UIKit.framework in Frameworks */ = {isa = PBXBuildFile; fileRef = 3CAB55D415A2F15A00823AD9 /* UIKit.framework */; };
		3CAB55D715A2F15A00823AD9 /* Foundation.framework in Frameworks */ = {isa = PBXBuildFile; fileRef = 3CAB55D615A2F15A00823AD9 /* Foundation.framework */; };
		3CAB55D915A2F15A00823AD9 /* CoreGraphics.framework in Frameworks */ = {isa = PBXBuildFile; fileRef = 3CAB55D815A2F15A00823AD9 /* CoreGraphics.framework */; };
		3CAB55DF15A2F15A00823AD9 /* InfoPlist.strings in Resources */ = {isa = PBXBuildFile; fileRef = 3CAB55DD15A2F15A00823AD9 /* InfoPlist.strings */; };
		3CAB55E115A2F15A00823AD9 /* main.m in Sources */ = {isa = PBXBuildFile; fileRef = 3CAB55E015A2F15A00823AD9 /* main.m */; };
		3CAB55E515A2F15A00823AD9 /* AppDelegate.m in Sources */ = {isa = PBXBuildFile; fileRef = 3CAB55E415A2F15A00823AD9 /* AppDelegate.m */; };
		3CAB55E815A2F15A00823AD9 /* RootViewController.m in Sources */ = {isa = PBXBuildFile; fileRef = 3CAB55E715A2F15A00823AD9 /* RootViewController.m */; };
		3CAB55EB15A2F15A00823AD9 /* DataViewController.m in Sources */ = {isa = PBXBuildFile; fileRef = 3CAB55EA15A2F15A00823AD9 /* DataViewController.m */; };
		3CAB55EE15A2F15A00823AD9 /* ModelController.m in Sources */ = {isa = PBXBuildFile; fileRef = 3CAB55ED15A2F15A00823AD9 /* ModelController.m */; };
		3CAB55F115A2F15A00823AD9 /* MainStoryboard.storyboard in Resources */ = {isa = PBXBuildFile; fileRef = 3CAB55EF15A2F15A00823AD9 /* MainStoryboard.storyboard */; };
/* End PBXBuildFile section */

/* Begin PBXFileReference section */
		3CAB55D015A2F15A00823AD9 /* NewProjectName.app */ = {isa = PBXFileReference; explicitFileType = wrapper.application; includeInIndex = 0; path = NewProjectName.app; sourceTree = BUILT_PRODUCTS_DIR; };
		3CAB55D415A2F15A00823AD9 /* UIKit.framework */ = {isa = PBXFileReference; lastKnownFileType = wrapper.framework; name = UIKit.framework; path = System/Library/Frameworks/UIKit.framework; sourceTree = SDKROOT; };
		3CAB55D615A2F15A00823AD9 /* Foundation.framework */ = {isa = PBXFileReference; lastKnownFileType = wrapper.framework; name = Foundation.framework; path = System/Library/Frameworks/Foundation.framework; sourceTree = SDKROOT; };
		3CAB55D815A2F15A00823AD9 /* CoreGraphics.framework */ = {isa = PBXFileReference; lastKnownFileType = wrapper.framework; name = CoreGraphics.framework; path = System/Library/Frameworks/CoreGraphics.framework; sourceTree = SDKROOT; };
		3CAB55DC15A2F15A00823AD9 /* NewProjectName-Info.plist */ = {isa = PBXFileReference; path = "NewProjectName-Info.plist"; sourceTree = "<group>"; };
		3CAB55DE15A2F15A00823AD9 /* en */ = {isa = PBXFileReference; lastKnownFileType = text.plist.strings; name = en; path = en.lproj/InfoPlist.strings; sourceTree = "<group>"; };
		3CAB55E015A2F15A00823AD9 /* main.m */ = {isa = PBXFileReference; lastKnownFileType = sourcecode.c.objc; path = main.m; sourceTree = "<group>"; };
		3CAB55E215A2F15A00823AD9 /* NewProjectName-Prefix.pch */ = {isa = PBXFileReference; path = "NewProjectName-Prefix.pch"; sourceTree = "<group>"; };
		3CAB55E315A2F15A00823AD9 /* AppDelegate.h */ = {isa = PBXFileReference; path = AppDelegate.h; sourceTree = "<group>"; };
		3CAB55E415A2F15A00823AD9 /* AppDelegate.m */ = {isa = PBXFileReference; lastKnownFileType = sourcecode.c.objc; path = AppDelegate.m; sourceTree = "<group>"; };
		3CAB55E615A2F15A00823AD9 /* RootViewController.h */ = {isa = PBXFileReference; path = RootViewController.h; sourceTree = "<group>"; };
		3CAB55E715A2F15A00823AD9 /* RootViewController.m */ = {isa = PBXFileReference; lastKnownFileType = sourcecode.c.objc; path = RootViewController.m; sourceTree = "<group>"; };
		3CAB55E915A2F15A00823AD9 /* DataViewController.h */ = {isa = PBXFileReference; path = DataViewController.h; sourceTree = "<group>"; };
		3CAB55EA15A2F15A00823AD9 /* DataViewController.m */ = {isa = PBXFileReference; lastKnownFileType = sourcecode.c.objc; path = DataViewController.m; sourceTree = "<group>"; };
		3CAB55EC15A2F15A00823AD9 /* ModelController.h */ = {isa = PBXFileReference; path = ModelController.h; sourceTree = "<group>"; };
		3CAB55ED15A2F15A00823AD9 /* ModelController.m */ = {isa = PBXFileReference; lastKnownFileType = sourcecode.c.objc; path = ModelController.m; sourceTree = "<group>"; };
		3CAB55F015A2F15A00823AD9 /* en */ = {isa = PBXFileReference; lastKnownFileType = file.storyboard; name = en; path = en.lproj/MainStoryboard.storyboard; sourceTree = "<group>"; };
/* End PBXFileReference section */

/* Begin PBXFrameworksBuildPhase section */
		3CAB55CD15A2F15A00823AD9 /* Frameworks */ = {
			isa = PBXFrameworksBuildPhase;
			buildActionMask = 2147483647;
			files = (
				3CAB55D515A2F15A00823AD9 /* UIKit.framework in Frameworks */,
				3CAB55D715A2F15A00823AD9 /* Foundation.framework in Frameworks */,
				3CAB55D915A2F15A00823AD9 /* CoreGraphics.framework in Frameworks */,
			);
			runOnlyForDeploymentPostprocessing = 0;
		};
/* End PBXFrameworksBuildPhase section */

/* Begin PBXGroup section */
		3CAB55C515A2F15900823AD9 = {
			isa = PBXGroup;
			children = (
				3CAB55DA15A2F15A00823AD9 /* NewProjectName */,
				3CAB55D315A2F15A00823AD9 /* Frameworks */,
				3CAB55D115A2F15A00823AD9 /* Products */,
			);
			sourceTree = "<group>";
		};
		3CAB55D115A2F15A00823AD9 /* Products */ = {
			isa = PBXGroup;
			children = (
				3CAB55D015A2F15A00823AD9 /* NewProjectName.app */,
			);
			name = Products;
			sourceTree = "<group>";
		};
		3CAB55D315A2F15A00823AD9 /* Frameworks */ = {
			isa = PBXGroup;
			children = (
				3CAB55D415A2F15A00823AD9 /* UIKit.framework */,
				3CAB55D615A2F15A00823AD9 /* Foundation.framework */,
				3CAB55D815A2F15A00823AD9 /* CoreGraphics.framework */,
			);
			name = Frameworks;
			sourceTree = "<group>";
		};
		3CAB55DA15A2F15A00823AD9 /* NewProjectName */ = {
			isa = PBXGroup;
			children = (
				3CAB55E315A2F15A00823AD9 /* AppDelegate.h */,
				3CAB55E415A2F15A00823AD9 /* AppDelegate.m */,
				3CAB55E615A2F15A00823AD9 /* RootViewController.h */,
				3CAB55E715A2F15A00823AD9 /* RootViewController.m */,
				3CAB55E915A2F15A00823AD9 /* DataViewController.h */,
				3CAB55EA15A2F15A00823AD9 /* DataViewController.m */,
				3CAB55EC15A2F15A00823AD9 /* ModelController.h */,
				3CAB55ED15A2F15A00823AD9 /* ModelController.m */,
				3CAB55EF15A2F15A00823AD9 /* MainStoryboard.storyboard */,
				3CAB55DB15A2F15A00823AD9 /* Supporting Files */,
			);
			path = NewProjectName;
			sourceTree = "<group>";
		};
		3CAB55DB15A2F15A00823AD9 /* Supporting Files */ = {
			isa = PBXGroup;
			children = (
				3CAB55DC15A2F15A00823AD9 /* NewProjectName-Info.plist */,
				3CAB55DD15A2F15A00823AD9 /* InfoPlist.strings */,
				3CAB55E015A2F15A00823AD9 /* main.m */,
				3CAB55E215A2F15A00823AD9 /* NewProjectName-Prefix.pch */,
			);
			name = "Supporting Files";
			sourceTree = "<group>";
		};
/* End PBXGroup section */

/* Begin PBXNativeTarget section */
		3CAB55CF15A2F15A00823AD9 /* NewProjectName */ = {
			isa = PBXNativeTarget;
			buildConfigurationList = 3CAB55F415A2F15A00823AD9 /* Build configuration list for PBXNativeTarget "NewProjectName" */;
			buildPhases = (
				3CAB55CC15A2F15A00823AD9 /* Sources */,
				3CAB55CD15A2F15A00823AD9 /* Frameworks */,
				3CAB55CE15A2F15A00823AD9 /* Resources */,
			);
			buildRules = (
			);
			dependencies = (
			);
			name = NewProjectName;
			productName = NewProjectName;
			productReference = 3CAB55D015A2F15A00823AD9 /* NewProjectName.app */;
			productType = "com.apple.product-type.application";
		};
/* End PBXNativeTarget section */

/* Begin PBXProject section */
		3CAB55C715A2F15900823AD9 /* Project object */ = {
			isa = PBXProject;
			attributes = {
				LastUpgradeCheck = 0420;
			};
			buildConfigurationList = 3CAB55CA15A2F15900823AD9 /* Build configuration list for PBXProject "NewProjectName" */;
			compatibilityVersion = "Xcode 3.2";
			developmentRegion = English;
			hasScannedForEncodings = 0;
			knownRegions = (
				en,
			);
			mainGroup = 3CAB55C515A2F15900823AD9;
			productRefGroup = 3CAB55D115A2F15A00823AD9 /* Products */;
			projectDirPath = "";
			projectRoot = "";
			targets = (
				3CAB55CF15A2F15A00823AD9 /* NewProjectName */,
			);
		};
/* End PBXProject section */

/* Begin PBXResourcesBuildPhase section */
		3CAB55CE15A2F15A00823AD9 /* Resources */ = {
			isa = PBXResourcesBuildPhase;
			buildActionMask = 2147483647;
			files = (
				3CAB55DF15A2F15A00823AD9 /* InfoPlist.strings in Resources */,
				3CAB55F115A2F15A00823AD9 /* MainStoryboard.storyboard in Resources */,
			);
			runOnlyForDeploymentPostprocessing = 0;
		};
/* End PBXResourcesBuildPhase section */

/* Begin PBXSourcesBuildPhase section */
		3CAB55CC15A2F15A00823AD9 /* Sources */ = {
			isa = PBXSourcesBuildPhase;
			buildActionMask = 2147483647;
			files = (
				3CAB55E115A2F15A00823AD9 /* main.m in Sources */,
				3CAB55E515A2F15A00823AD9 /* AppDelegate.m in Sources */,
				3CAB55E815A2F15A00823AD9 /* RootViewController.m in Sources */,
				3CAB55EB15A2F15A00823AD9 /* DataViewController.m in Sources */,
				3CAB55EE15A2F15A00823AD9 /* ModelController.m in Sources */,
			);
			runOnlyForDeploymentPostprocessing = 0;
		};
/* End PBXSourcesBuildPhase section */

/* Begin PBXVariantGroup section */
		3CAB55DD15A2F15A00823AD9 /* InfoPlist.strings */ = {
			isa = PBXVariantGroup;
			children = (
				3CAB55DE15A2F15A00823AD9 /* en */,
			);
			name = InfoPlist.strings;
			sourceTree = "<group>";
		};
		3CAB55EF15A2F15A00823AD9 /* MainStoryboard.storyboard */ = {
			isa = PBXVariantGroup;
			children = (
				3CAB55F015A2F15A00823AD9 /* en */,
			);
			name = MainStoryboard.storyboard;
			sourceTree = "<group>";
		};
/* End PBXVariantGroup section */

/* Begin XCBuildConfiguration section */
		3CAB55F215A2F15A00823AD9 /* Debug */ = {
			isa = XCBuildConfiguration;
			buildSettings = {
				ALWAYS_SEARCH_USER_PATHS = NO;
				ARCHS = "$(ARCHS_STANDARD_32_BIT)";
				CLANG_ENABLE_OBJC_ARC = YES;
				"CODE_SIGN_IDENTITY[sdk=iphoneos*]" = "iPhone Developer";
				COPY_PHASE_STRIP = NO;
				GCC_C_LANGUAGE_STANDARD = gnu99;
				GCC_DYNAMIC_NO_PIC = NO;
				GCC_OPTIMIZATION_LEVEL = 0;
				GCC_PREPROCESSOR_DEFINITIONS = (
					"DEBUG=1",
					"$(inherited)",
				);
				GCC_SYMBOLS_PRIVATE_EXTERN = NO;
				GCC_VERSION = com.apple.compilers.llvm.clang.1_0;
				GCC_WARN_ABOUT_MISSING_PROTOTYPES = YES;
				GCC_WARN_ABOUT_RETURN_TYPE = YES;
				GCC_WARN_UNUSED_VARIABLE = YES;
				IPHONEOS_DEPLOYMENT_TARGET = 5.0;
				SDKROOT = iphoneos;
				TARGETED_DEVICE_FAMILY = 2;
			};
			name = Debug;
		};
		3CAB55F315A2F15A00823AD9 /* Release */ = {
			isa = XCBuildConfiguration;
			buildSettings = {
				ALWAYS_SEARCH_USER_PATHS = NO;
				ARCHS = "$(ARCHS_STANDARD_32_BIT)";
				CLANG_ENABLE_OBJC_ARC = YES;
				"CODE_SIGN_IDENTITY[sdk=iphoneos*]" = "iPhone Developer";
				COPY_PHASE_STRIP = YES;
				GCC_C_LANGUAGE_STANDARD = gnu99;
				GCC_VERSION = com.apple.compilers.llvm.clang.1_0;
				GCC_WARN_ABOUT_MISSING_PROTOTYPES = YES;
				GCC_WARN_ABOUT_RETURN_TYPE = YES;
				GCC_WARN_UNUSED_VARIABLE = YES;
				IPHONEOS_DEPLOYMENT_TARGET = 5.0;
				OTHER_CFLAGS = "-DNS_BLOCK_ASSERTIONS=1";
				SDKROOT = iphoneos;
				TARGETED_DEVICE_FAMILY = 2;
				VALIDATE_PRODUCT = YES;
			};
			name = Release;
		};
		3CAB55F515A2F15A00823AD9 /* Debug */ = {
			isa = XCBuildConfiguration;
			buildSettings = {
				GCC_PRECOMPILE_PREFIX_HEADER = YES;
				GCC_PREFIX_HEADER = "NewProjectName/NewProjectName-Prefix.pch";
				INFOPLIST_FILE = "NewProjectName/NewProjectName-Info.plist";
				PRODUCT_NAME = "$(TARGET_NAME)";
				WRAPPER_EXTENSION = app;
			};
			name = Debug;
		};
		3CAB55F615A2F15A00823AD9 /* Release */ = {
			isa = XCBuildConfiguration;
			buildSettings = {
				GCC_PRECOMPILE_PREFIX_HEADER = YES;
				GCC_PREFIX_HEADER = "NewProjectName/NewProjectName-Prefix.pch";
				INFOPLIST_FILE = "NewProjectName/NewProjectName-Info.plist";
				PRODUCT_NAME = "$(TARGET_NAME)";
				WRAPPER_EXTENSION = app;
			};
			name = Release;
		};
/* End XCBuildConfiguration section */

/* Begin XCConfigurationList section */
		3CAB55CA15A2F15900823AD9 /* Build configuration list for PBXProject "NewProjectName" */ = {
			isa = XCConfigurationList;
			buildConfigurations = (
				3CAB55F215A2F15A00823AD9 /* Debug */,
				3CAB55F315A2F15A00823AD9 /* Release */,
			);
			defaultConfigurationIsVisible = 0;
			defaultConfigurationName = Release;
		};
		3CAB55F415A2F15A00823AD9 /* Build configuration list for PBXNativeTarget "NewProjectName" */ = {
			isa = XCConfigurationList;
			buildConfigurations = (
				3CAB55F515A2F15A00823AD9 /* Debug */,
				3CAB55F615A2F15A00823AD9 /* Release */,
			);
			defaultConfigurationIsVisible = 0;
		};
/* End XCConfigurationList section */
	};
	rootObject = 3CAB55C715A2F15900823AD9 /* Project object */;
}
